
Microsoft Visual Studio Solution File, Format Version 12.00
# Visual Studio 15
VisualStudioVersion = 15.0.26228.4
MinimumVisualStudioVersion = 10.0.40219.1
Project("{FAE04EC0-301F-11D3-BF4B-00C04F79EFBC}") = "SignalRMVCChat", "SignalRMVCChat\SignalRMVCChat.csproj", "{01DD8E30-4F26-48BF-9884-9BAA9068ADA3}"
EndProject
Project("{FAE04EC0-301F-11D3-BF4B-00C04F79EFBC}") = "TestProject1", "TestProject1\TestProject1.csproj", "{AF30DFFB-518D-44EF-BA89-D96E7BD449B8}"
EndProject
Project("{FAE04EC0-301F-11D3-BF4B-00C04F79EFBC}") = "UnitTestProject1", "UnitTestProject1\UnitTestProject1.csproj", "{ACA8EE8B-5FFF-4152-80AD-6A1A5CF5E759}"
EndProject
Global
	GlobalSection(SolutionConfigurationPlatforms) = preSolution
		Debug|Any CPU = Debug|Any CPU
		Release|Any CPU = Release|Any CPU
	EndGlobalSection
	GlobalSection(ProjectConfigurationPlatforms) = postSolution
		{01DD8E30-4F26-48BF-9884-9BAA9068ADA3}.Debug|Any CPU.ActiveCfg = Debug|Any CPU
		{01DD8E30-4F26-48BF-9884-9BAA9068ADA3}.Debug|Any CPU.Build.0 = Debug|Any CPU
		{01DD8E30-4F26-48BF-9884-9BAA9068ADA3}.Release|Any CPU.ActiveCfg = Release|Any CPU
		{01DD8E30-4F26-48BF-9884-9BAA9068ADA3}.Release|Any CPU.Build.0 = Release|Any CPU
		{AF30DFFB-518D-44EF-BA89-D96E7BD449B8}.Debug|Any CPU.ActiveCfg = Debug|Any CPU
		{AF30DFFB-518D-44EF-BA89-D96E7BD449B8}.Debug|Any CPU.Build.0 = Debug|Any CPU
		{AF30DFFB-518D-44EF-BA89-D96E7BD449B8}.Release|Any CPU.ActiveCfg = Release|Any CPU
		{AF30DFFB-518D-44EF-BA89-D96E7BD449B8}.Release|Any CPU.Build.0 = Release|Any CPU
		{ACA8EE8B-5FFF-4152-80AD-6A1A5CF5E759}.Debug|Any CPU.ActiveCfg = Debug|Any CPU
		{ACA8EE8B-5FFF-4152-80AD-6A1A5CF5E759}.Debug|Any CPU.Build.0 = Debug|Any CPU
		{ACA8EE8B-5FFF-4152-80AD-6A1A5CF5E759}.Release|Any CPU.ActiveCfg = Release|Any CPU
		{ACA8EE8B-5FFF-4152-80AD-6A1A5CF5E759}.Release|Any CPU.Build.0 = Release|Any CPU
	EndGlobalSection
	GlobalSection(SolutionProperties) = preSolution
		HideSolutionNode = FALSE
	EndGlobalSection
	GlobalSection(ExtensibilityGlobals) = postSolution
		SolutionGuid = {BF104C8E-F62B-4D60-B7DB-055152E1412F}
	EndGlobalSection
EndGlobal
